
Microsoft Visual Studio Solution File, Format Version 12.00
# Visual Studio 15
VisualStudioVersion = 15.0.28307.902
MinimumVisualStudioVersion = 10.0.40219.1
Project("{FAE04EC0-301F-11D3-BF4B-00C04F79EFBC}") = "ABCPharmacy", "ABCPharmacy\ABCPharmacy.csproj", "{9CDF1C26-6AE3-48DB-9F39-C032D56D1EBB}"
EndProject
Project("{FAE04EC0-301F-11D3-BF4B-00C04F79EFBC}") = "ABCPharmacy.Tests", "ABCPharmacy.Tests\ABCPharmacy.Tests.csproj", "{30B2E733-3478-4768-ADC7-175E059C322E}"
EndProject
Project("{FAE04EC0-301F-11D3-BF4B-00C04F79EFBC}") = "ABCPharmacy.DataService", "ABCPharmacy.DataService\ABCPharmacy.DataService.csproj", "{CD252D30-6E1C-4857-98EB-FA1D9A52523E}"
EndProject
Global
	GlobalSection(SolutionConfigurationPlatforms) = preSolution
		Debug|Any CPU = Debug|Any CPU
		Release|Any CPU = Release|Any CPU
	EndGlobalSection
	GlobalSection(ProjectConfigurationPlatforms) = postSolution
		{9CDF1C26-6AE3-48DB-9F39-C032D56D1EBB}.Debug|Any CPU.ActiveCfg = Debug|Any CPU
		{9CDF1C26-6AE3-48DB-9F39-C032D56D1EBB}.Debug|Any CPU.Build.0 = Debug|Any CPU
		{9CDF1C26-6AE3-48DB-9F39-C032D56D1EBB}.Release|Any CPU.ActiveCfg = Release|Any CPU
		{9CDF1C26-6AE3-48DB-9F39-C032D56D1EBB}.Release|Any CPU.Build.0 = Release|Any CPU
		{30B2E733-3478-4768-ADC7-175E059C322E}.Debug|Any CPU.ActiveCfg = Debug|Any CPU
		{30B2E733-3478-4768-ADC7-175E059C322E}.Debug|Any CPU.Build.0 = Debug|Any CPU
		{30B2E733-3478-4768-ADC7-175E059C322E}.Release|Any CPU.ActiveCfg = Release|Any CPU
		{30B2E733-3478-4768-ADC7-175E059C322E}.Release|Any CPU.Build.0 = Release|Any CPU
		{CD252D30-6E1C-4857-98EB-FA1D9A52523E}.Debug|Any CPU.ActiveCfg = Debug|Any CPU
		{CD252D30-6E1C-4857-98EB-FA1D9A52523E}.Debug|Any CPU.Build.0 = Debug|Any CPU
		{CD252D30-6E1C-4857-98EB-FA1D9A52523E}.Release|Any CPU.ActiveCfg = Release|Any CPU
		{CD252D30-6E1C-4857-98EB-FA1D9A52523E}.Release|Any CPU.Build.0 = Release|Any CPU
	EndGlobalSection
	GlobalSection(SolutionProperties) = preSolution
		HideSolutionNode = FALSE
	EndGlobalSection
	GlobalSection(ExtensibilityGlobals) = postSolution
		SolutionGuid = {ACC00B60-F03B-4C67-BB8F-D799C4839C5B}
	EndGlobalSection
EndGlobal
